
Microsoft Visual Studio Solution File, Format Version 12.00
# Visual Studio 15
VisualStudioVersion = 15.0.28010.2050
MinimumVisualStudioVersion = 10.0.40219.1
Project("{FAE04EC0-301F-11D3-BF4B-00C04F79EFBC}") = "LightCosmosRat", "LightCosmosRat\LightCosmosRat.csproj", "{07B5DC33-D5D3-439B-8398-FCF1D57171D7}"
EndProject
Global
	GlobalSection(SolutionConfigurationPlatforms) = preSolution
		Debug|Any CPU = Debug|Any CPU
		Release|Any CPU = Release|Any CPU
	EndGlobalSection
	GlobalSection(ProjectConfigurationPlatforms) = postSolution
		{07B5DC33-D5D3-439B-8398-FCF1D57171D7}.Debug|Any CPU.ActiveCfg = Debug|Any CPU
		{07B5DC33-D5D3-439B-8398-FCF1D57171D7}.Debug|Any CPU.Build.0 = Debug|Any CPU
		{07B5DC33-D5D3-439B-8398-FCF1D57171D7}.Release|Any CPU.ActiveCfg = Release|Any CPU
		{07B5DC33-D5D3-439B-8398-FCF1D57171D7}.Release|Any CPU.Build.0 = Release|Any CPU
	EndGlobalSection
	GlobalSection(SolutionProperties) = preSolution
		HideSolutionNode = FALSE
	EndGlobalSection
	GlobalSection(ExtensibilityGlobals) = postSolution
		SolutionGuid = {786F4D33-3069-4778-8D0E-26AB0EB069C7}
	EndGlobalSection
EndGlobal
